
Microsoft Visual Studio Solution File, Format Version 12.00
# Visual Studio Version 17
VisualStudioVersion = 17.14.36310.24 d17.14
MinimumVisualStudioVersion = 10.0.40219.1
Project("{2150E333-8FDC-42A3-9474-1A3956D46DE8}") = "01", "01", "{02EA681E-C7D8-13C7-8484-4AC65E1B71E8}"
EndProject
Project("{FAE04EC0-301F-11D3-BF4B-00C04F79EFBC}") = "NumberIsOddOrNot", "NumberIsOddOrNot\NumberIsOddOrNot.csproj", "{810E10DC-4565-4A02-85B5-E720F15B2455}"
EndProject
Project("{2150E333-8FDC-42A3-9474-1A3956D46DE8}") = "02", "02", "{D3B85699-3759-43A8-9EF6-EE49DCA33AC0}"
EndProject
Project("{FAE04EC0-301F-11D3-BF4B-00C04F79EFBC}") = "GreatestNumber", "GreatestNumber\GreatestNumber.csproj", "{8ACE9713-A334-495C-A256-D965936453DF}"
EndProject
Project("{2150E333-8FDC-42A3-9474-1A3956D46DE8}") = "Shared", "Shared", "{0AF3A934-722E-4ABC-BB13-FAC48E6C9687}"
EndProject
Project("{FAE04EC0-301F-11D3-BF4B-00C04F79EFBC}") = "Shared", "Share\Shared.csproj", "{6AFAD9A7-C362-473A-BC81-6ACE91283FD1}"
EndProject
Global
	GlobalSection(SolutionConfigurationPlatforms) = preSolution
		Debug|Any CPU = Debug|Any CPU
		Release|Any CPU = Release|Any CPU
	EndGlobalSection
	GlobalSection(ProjectConfigurationPlatforms) = postSolution
		{810E10DC-4565-4A02-85B5-E720F15B2455}.Debug|Any CPU.ActiveCfg = Debug|Any CPU
		{810E10DC-4565-4A02-85B5-E720F15B2455}.Debug|Any CPU.Build.0 = Debug|Any CPU
		{810E10DC-4565-4A02-85B5-E720F15B2455}.Release|Any CPU.ActiveCfg = Release|Any CPU
		{810E10DC-4565-4A02-85B5-E720F15B2455}.Release|Any CPU.Build.0 = Release|Any CPU
		{8ACE9713-A334-495C-A256-D965936453DF}.Debug|Any CPU.ActiveCfg = Debug|Any CPU
		{8ACE9713-A334-495C-A256-D965936453DF}.Debug|Any CPU.Build.0 = Debug|Any CPU
		{8ACE9713-A334-495C-A256-D965936453DF}.Release|Any CPU.ActiveCfg = Release|Any CPU
		{8ACE9713-A334-495C-A256-D965936453DF}.Release|Any CPU.Build.0 = Release|Any CPU
		{6AFAD9A7-C362-473A-BC81-6ACE91283FD1}.Debug|Any CPU.ActiveCfg = Debug|Any CPU
		{6AFAD9A7-C362-473A-BC81-6ACE91283FD1}.Debug|Any CPU.Build.0 = Debug|Any CPU
		{6AFAD9A7-C362-473A-BC81-6ACE91283FD1}.Release|Any CPU.ActiveCfg = Release|Any CPU
		{6AFAD9A7-C362-473A-BC81-6ACE91283FD1}.Release|Any CPU.Build.0 = Release|Any CPU
	EndGlobalSection
	GlobalSection(SolutionProperties) = preSolution
		HideSolutionNode = FALSE
	EndGlobalSection
	GlobalSection(NestedProjects) = preSolution
		{810E10DC-4565-4A02-85B5-E720F15B2455} = {02EA681E-C7D8-13C7-8484-4AC65E1B71E8}
		{8ACE9713-A334-495C-A256-D965936453DF} = {D3B85699-3759-43A8-9EF6-EE49DCA33AC0}
		{6AFAD9A7-C362-473A-BC81-6ACE91283FD1} = {0AF3A934-722E-4ABC-BB13-FAC48E6C9687}
	EndGlobalSection
	GlobalSection(ExtensibilityGlobals) = postSolution
		SolutionGuid = {DDBD1936-BD7C-467B-88CF-D7A5215F18C5}
	EndGlobalSection
EndGlobal
